
Microsoft Visual Studio Solution File, Format Version 12.00
# Visual Studio Version 16
VisualStudioVersion = 16.0.31727.386
MinimumVisualStudioVersion = 10.0.40219.1
Project("{FAE04EC0-301F-11D3-BF4B-00C04F79EFBC}") = "TODOList.API", "TODOList.API\TODOList.API.csproj", "{CEA4BFA3-1DFF-422F-9A02-AA353468CBC6}"
EndProject
Global
	GlobalSection(SolutionConfigurationPlatforms) = preSolution
		Debug|Any CPU = Debug|Any CPU
		Release|Any CPU = Release|Any CPU
	EndGlobalSection
	GlobalSection(ProjectConfigurationPlatforms) = postSolution
		{CEA4BFA3-1DFF-422F-9A02-AA353468CBC6}.Debug|Any CPU.ActiveCfg = Debug|Any CPU
		{CEA4BFA3-1DFF-422F-9A02-AA353468CBC6}.Debug|Any CPU.Build.0 = Debug|Any CPU
		{CEA4BFA3-1DFF-422F-9A02-AA353468CBC6}.Release|Any CPU.ActiveCfg = Release|Any CPU
		{CEA4BFA3-1DFF-422F-9A02-AA353468CBC6}.Release|Any CPU.Build.0 = Release|Any CPU
	EndGlobalSection
	GlobalSection(SolutionProperties) = preSolution
		HideSolutionNode = FALSE
	EndGlobalSection
	GlobalSection(ExtensibilityGlobals) = postSolution
		SolutionGuid = {792F984B-48FF-4228-A2E9-04B238A3C982}
	EndGlobalSection
EndGlobal
